
Microsoft Visual Studio Solution File, Format Version 12.00
# Visual Studio Version 16
VisualStudioVersion = 16.0.29201.188
MinimumVisualStudioVersion = 10.0.40219.1
Project("{FAE04EC0-301F-11D3-BF4B-00C04F79EFBC}") = "HeadsOrTails", "HeadsOrTails\HeadsOrTails.csproj", "{4660B552-F40C-477C-9822-DB76DE1A9898}"
EndProject
Global
	GlobalSection(SolutionConfigurationPlatforms) = preSolution
		Debug|Any CPU = Debug|Any CPU
		Release|Any CPU = Release|Any CPU
	EndGlobalSection
	GlobalSection(ProjectConfigurationPlatforms) = postSolution
		{4660B552-F40C-477C-9822-DB76DE1A9898}.Debug|Any CPU.ActiveCfg = Debug|Any CPU
		{4660B552-F40C-477C-9822-DB76DE1A9898}.Debug|Any CPU.Build.0 = Debug|Any CPU
		{4660B552-F40C-477C-9822-DB76DE1A9898}.Release|Any CPU.ActiveCfg = Release|Any CPU
		{4660B552-F40C-477C-9822-DB76DE1A9898}.Release|Any CPU.Build.0 = Release|Any CPU
	EndGlobalSection
	GlobalSection(SolutionProperties) = preSolution
		HideSolutionNode = FALSE
	EndGlobalSection
	GlobalSection(ExtensibilityGlobals) = postSolution
		SolutionGuid = {8029F7DE-6F10-47F7-B839-BD2F6393D4F9}
	EndGlobalSection
EndGlobal
